
Microsoft Visual Studio Solution File, Format Version 12.00
# Visual Studio 2013
VisualStudioVersion = 12.0.30501.0
MinimumVisualStudioVersion = 10.0.40219.1
Project("{FAE04EC0-301F-11D3-BF4B-00C04F79EFBC}") = "Website", "src\Website\Website.csproj", "{B2B50410-34DF-4CF5-8F1D-4DDA6D24D46B}"
EndProject
Project("{FAE04EC0-301F-11D3-BF4B-00C04F79EFBC}") = "WebApiPresentationModel", "src\WebApiPresentationModel\WebApiPresentationModel.csproj", "{1BAEC422-3D13-49BE-82AA-18986A62E24D}"
EndProject
Project("{FAE04EC0-301F-11D3-BF4B-00C04F79EFBC}") = "WebApiPresentationModelUnitTest", "test\WebApiPresentationModelUnitTest\WebApiPresentationModelUnitTest.csproj", "{422BDEFA-EB99-41F9-97CC-3931D47FB482}"
EndProject
Project("{FAE04EC0-301F-11D3-BF4B-00C04F79EFBC}") = "DomainModel", "src\DomainModel\DomainModel.csproj", "{860494BF-26A2-4D57-B091-A8825E5D8200}"
EndProject
Project("{FAE04EC0-301F-11D3-BF4B-00C04F79EFBC}") = "DomainModelUnitTest", "test\DomainModelUnitTest\DomainModelUnitTest.csproj", "{2EED7A98-54D5-4B96-826E-7866F70C95BA}"
EndProject
Project("{2150E333-8FDC-42A3-9474-1A3956D46DE8}") = "Source", "Source", "{BE06B466-525C-4F91-9AA6-4FE5B95F7D42}"
EndProject
Project("{2150E333-8FDC-42A3-9474-1A3956D46DE8}") = "Test", "Test", "{EB8E3D97-61B9-4998-81F0-545773DA3A2B}"
EndProject
Project("{FAE04EC0-301F-11D3-BF4B-00C04F79EFBC}") = "EFDataAccess", "src\EFDataAccess\EFDataAccess.csproj", "{6BE72200-8525-4453-960E-FCA034773137}"
EndProject
Project("{FAE04EC0-301F-11D3-BF4B-00C04F79EFBC}") = "EFPersistenceModel", "src\EFPersistenceModel\EFPersistenceModel.csproj", "{FDC0EF52-1C4F-4465-B744-216B65EA8850}"
EndProject
Project("{FAE04EC0-301F-11D3-BF4B-00C04F79EFBC}") = "EFPersistenceModelUnitTest", "test\EFPersistenceModelUnitTest\EFPersistenceModelUnitTest.csproj", "{B17271D2-8B1D-4DB2-B77F-09CCAC1A675A}"
EndProject
Project("{FAE04EC0-301F-11D3-BF4B-00C04F79EFBC}") = "AcceptanceTest", "test\AcceptanceTest\AcceptanceTest.csproj", "{AF7D629B-85F1-413D-A9FE-0F6AA33567CC}"
EndProject
Project("{2150E333-8FDC-42A3-9474-1A3956D46DE8}") = ".nuget", ".nuget", "{BDD0851F-DC9C-4D4D-9FC5-9494B134E597}"
	ProjectSection(SolutionItems) = preProject
		.nuget\packages.config = .nuget\packages.config
	EndProjectSection
EndProject
Project("{2150E333-8FDC-42A3-9474-1A3956D46DE8}") = "Docs", "Docs", "{D7D33A81-DA14-4837-9E59-925F36A9F122}"
	ProjectSection(SolutionItems) = preProject
		README.md = README.md
	EndProjectSection
EndProject
Global
	GlobalSection(SolutionConfigurationPlatforms) = preSolution
		Debug|Any CPU = Debug|Any CPU
		Release|Any CPU = Release|Any CPU
	EndGlobalSection
	GlobalSection(ProjectConfigurationPlatforms) = postSolution
		{B2B50410-34DF-4CF5-8F1D-4DDA6D24D46B}.Debug|Any CPU.ActiveCfg = Debug|Any CPU
		{B2B50410-34DF-4CF5-8F1D-4DDA6D24D46B}.Debug|Any CPU.Build.0 = Debug|Any CPU
		{B2B50410-34DF-4CF5-8F1D-4DDA6D24D46B}.Release|Any CPU.ActiveCfg = Release|Any CPU
		{B2B50410-34DF-4CF5-8F1D-4DDA6D24D46B}.Release|Any CPU.Build.0 = Release|Any CPU
		{1BAEC422-3D13-49BE-82AA-18986A62E24D}.Debug|Any CPU.ActiveCfg = Debug|Any CPU
		{1BAEC422-3D13-49BE-82AA-18986A62E24D}.Debug|Any CPU.Build.0 = Debug|Any CPU
		{1BAEC422-3D13-49BE-82AA-18986A62E24D}.Release|Any CPU.ActiveCfg = Release|Any CPU
		{1BAEC422-3D13-49BE-82AA-18986A62E24D}.Release|Any CPU.Build.0 = Release|Any CPU
		{422BDEFA-EB99-41F9-97CC-3931D47FB482}.Debug|Any CPU.ActiveCfg = Debug|Any CPU
		{422BDEFA-EB99-41F9-97CC-3931D47FB482}.Debug|Any CPU.Build.0 = Debug|Any CPU
		{422BDEFA-EB99-41F9-97CC-3931D47FB482}.Release|Any CPU.ActiveCfg = Release|Any CPU
		{422BDEFA-EB99-41F9-97CC-3931D47FB482}.Release|Any CPU.Build.0 = Release|Any CPU
		{860494BF-26A2-4D57-B091-A8825E5D8200}.Debug|Any CPU.ActiveCfg = Debug|Any CPU
		{860494BF-26A2-4D57-B091-A8825E5D8200}.Debug|Any CPU.Build.0 = Debug|Any CPU
		{860494BF-26A2-4D57-B091-A8825E5D8200}.Release|Any CPU.ActiveCfg = Release|Any CPU
		{860494BF-26A2-4D57-B091-A8825E5D8200}.Release|Any CPU.Build.0 = Release|Any CPU
		{2EED7A98-54D5-4B96-826E-7866F70C95BA}.Debug|Any CPU.ActiveCfg = Debug|Any CPU
		{2EED7A98-54D5-4B96-826E-7866F70C95BA}.Debug|Any CPU.Build.0 = Debug|Any CPU
		{2EED7A98-54D5-4B96-826E-7866F70C95BA}.Release|Any CPU.ActiveCfg = Release|Any CPU
		{2EED7A98-54D5-4B96-826E-7866F70C95BA}.Release|Any CPU.Build.0 = Release|Any CPU
		{6BE72200-8525-4453-960E-FCA034773137}.Debug|Any CPU.ActiveCfg = Debug|Any CPU
		{6BE72200-8525-4453-960E-FCA034773137}.Debug|Any CPU.Build.0 = Debug|Any CPU
		{6BE72200-8525-4453-960E-FCA034773137}.Release|Any CPU.ActiveCfg = Release|Any CPU
		{6BE72200-8525-4453-960E-FCA034773137}.Release|Any CPU.Build.0 = Release|Any CPU
		{FDC0EF52-1C4F-4465-B744-216B65EA8850}.Debug|Any CPU.ActiveCfg = Debug|Any CPU
		{FDC0EF52-1C4F-4465-B744-216B65EA8850}.Debug|Any CPU.Build.0 = Debug|Any CPU
		{FDC0EF52-1C4F-4465-B744-216B65EA8850}.Release|Any CPU.ActiveCfg = Release|Any CPU
		{FDC0EF52-1C4F-4465-B744-216B65EA8850}.Release|Any CPU.Build.0 = Release|Any CPU
		{B17271D2-8B1D-4DB2-B77F-09CCAC1A675A}.Debug|Any CPU.ActiveCfg = Debug|Any CPU
		{B17271D2-8B1D-4DB2-B77F-09CCAC1A675A}.Debug|Any CPU.Build.0 = Debug|Any CPU
		{B17271D2-8B1D-4DB2-B77F-09CCAC1A675A}.Release|Any CPU.ActiveCfg = Release|Any CPU
		{B17271D2-8B1D-4DB2-B77F-09CCAC1A675A}.Release|Any CPU.Build.0 = Release|Any CPU
		{AF7D629B-85F1-413D-A9FE-0F6AA33567CC}.Debug|Any CPU.ActiveCfg = Debug|Any CPU
		{AF7D629B-85F1-413D-A9FE-0F6AA33567CC}.Debug|Any CPU.Build.0 = Debug|Any CPU
		{AF7D629B-85F1-413D-A9FE-0F6AA33567CC}.Release|Any CPU.ActiveCfg = Release|Any CPU
		{AF7D629B-85F1-413D-A9FE-0F6AA33567CC}.Release|Any CPU.Build.0 = Release|Any CPU
	EndGlobalSection
	GlobalSection(SolutionProperties) = preSolution
		HideSolutionNode = FALSE
	EndGlobalSection
	GlobalSection(NestedProjects) = preSolution
		{B2B50410-34DF-4CF5-8F1D-4DDA6D24D46B} = {BE06B466-525C-4F91-9AA6-4FE5B95F7D42}
		{1BAEC422-3D13-49BE-82AA-18986A62E24D} = {BE06B466-525C-4F91-9AA6-4FE5B95F7D42}
		{422BDEFA-EB99-41F9-97CC-3931D47FB482} = {EB8E3D97-61B9-4998-81F0-545773DA3A2B}
		{860494BF-26A2-4D57-B091-A8825E5D8200} = {BE06B466-525C-4F91-9AA6-4FE5B95F7D42}
		{2EED7A98-54D5-4B96-826E-7866F70C95BA} = {EB8E3D97-61B9-4998-81F0-545773DA3A2B}
		{6BE72200-8525-4453-960E-FCA034773137} = {BE06B466-525C-4F91-9AA6-4FE5B95F7D42}
		{FDC0EF52-1C4F-4465-B744-216B65EA8850} = {BE06B466-525C-4F91-9AA6-4FE5B95F7D42}
		{B17271D2-8B1D-4DB2-B77F-09CCAC1A675A} = {EB8E3D97-61B9-4998-81F0-545773DA3A2B}
		{AF7D629B-85F1-413D-A9FE-0F6AA33567CC} = {EB8E3D97-61B9-4998-81F0-545773DA3A2B}
	EndGlobalSection
EndGlobal
